// !$*UTF8*$!
{
	archiveVersion = 1;
	classes = {
	};
	objectVersion = 50;
	objects = {

/* Begin PBXBuildFile section */
		B917CE212291B2B3000447BD /* AppDelegate.swift in Sources */ = {isa = PBXBuildFile; fileRef = B917CE202291B2B3000447BD /* AppDelegate.swift */; };
		B917CE232291B2B3000447BD /* ViewController.swift in Sources */ = {isa = PBXBuildFile; fileRef = B917CE222291B2B3000447BD /* ViewController.swift */; };
		B917CE262291B2B3000447BD /* Main.storyboard in Resources */ = {isa = PBXBuildFile; fileRef = B917CE242291B2B3000447BD /* Main.storyboard */; };
		B917CE282291B2B5000447BD /* Assets.xcassets in Resources */ = {isa = PBXBuildFile; fileRef = B917CE272291B2B5000447BD /* Assets.xcassets */; };
		B917CE2B2291B2B5000447BD /* LaunchScreen.storyboard in Resources */ = {isa = PBXBuildFile; fileRef = B917CE292291B2B5000447BD /* LaunchScreen.storyboard */; };
		B91E665E229314420090F513 /* OpeningController.swift in Sources */ = {isa = PBXBuildFile; fileRef = B91E665D229314420090F513 /* OpeningController.swift */; };
		B95F1334229859E600E4459F /* BananaExplode.sks in Resources */ = {isa = PBXBuildFile; fileRef = B95F1333229859E600E4459F /* BananaExplode.sks */; };
		B982007722955A6000B53D43 /* AudioPlayerModel.swift in Sources */ = {isa = PBXBuildFile; fileRef = B982007622955A6000B53D43 /* AudioPlayerModel.swift */; };
		B982007922955D8300B53D43 /* AudioCollection.swift in Sources */ = {isa = PBXBuildFile; fileRef = B982007822955D8300B53D43 /* AudioCollection.swift */; };
		B9DAA8AB229410190037EAD2 /* circus_celebration_sound.mp3 in Resources */ = {isa = PBXBuildFile; fileRef = B9DAA8A6229410180037EAD2 /* circus_celebration_sound.mp3 */; };
		B9DAA8AC229410190037EAD2 /* chimp_roll_button_sound.mp3 in Resources */ = {isa = PBXBuildFile; fileRef = B9DAA8A7229410180037EAD2 /* chimp_roll_button_sound.mp3 */; };
		B9DAA8AD229410190037EAD2 /* chimp_celebration_sound.mp3 in Resources */ = {isa = PBXBuildFile; fileRef = B9DAA8A8229410180037EAD2 /* chimp_celebration_sound.mp3 */; };
		B9DAA8AE229410190037EAD2 /* chimp_stay_sound.mp3 in Resources */ = {isa = PBXBuildFile; fileRef = B9DAA8A9229410190037EAD2 /* chimp_stay_sound.mp3 */; };
		B9DAA8AF229410190037EAD2 /* chimp_acrobat_sound.mp3 in Resources */ = {isa = PBXBuildFile; fileRef = B9DAA8AA229410190037EAD2 /* chimp_acrobat_sound.mp3 */; };
/* End PBXBuildFile section */

/* Begin PBXFileReference section */
		B917CE1D2291B2B3000447BD /* TestingNC1.app */ = {isa = PBXFileReference; explicitFileType = wrapper.application; includeInIndex = 0; path = TestingNC1.app; sourceTree = BUILT_PRODUCTS_DIR; };
		B917CE202291B2B3000447BD /* AppDelegate.swift */ = {isa = PBXFileReference; lastKnownFileType = sourcecode.swift; path = AppDelegate.swift; sourceTree = "<group>"; };
		B917CE222291B2B3000447BD /* ViewController.swift */ = {isa = PBXFileReference; lastKnownFileType = sourcecode.swift; path = ViewController.swift; sourceTree = "<group>"; };
		B917CE252291B2B3000447BD /* Base */ = {isa = PBXFileReference; lastKnownFileType = file.storyboard; name = Base; path = Base.lproj/Main.storyboard; sourceTree = "<group>"; };
		B917CE272291B2B5000447BD /* Assets.xcassets */ = {isa = PBXFileReference; lastKnownFileType = folder.assetcatalog; path = Assets.xcassets; sourceTree = "<group>"; };
		B917CE2A2291B2B5000447BD /* Base */ = {isa = PBXFileReference; lastKnownFileType = file.storyboard; name = Base; path = Base.lproj/LaunchScreen.storyboard; sourceTree = "<group>"; };
		B917CE2C2291B2B5000447BD /* Info.plist */ = {isa = PBXFileReference; lastKnownFileType = text.plist.xml; path = Info.plist; sourceTree = "<group>"; };
		B91E665D229314420090F513 /* OpeningController.swift */ = {isa = PBXFileReference; lastKnownFileType = sourcecode.swift; path = OpeningController.swift; sourceTree = "<group>"; };
		B95F1333229859E600E4459F /* BananaExplode.sks */ = {isa = PBXFileReference; lastKnownFileType = file.sks; path = BananaExplode.sks; sourceTree = "<group>"; };
		B982007622955A6000B53D43 /* AudioPlayerModel.swift */ = {isa = PBXFileReference; lastKnownFileType = sourcecode.swift; path = AudioPlayerModel.swift; sourceTree = "<group>"; };
		B982007822955D8300B53D43 /* AudioCollection.swift */ = {isa = PBXFileReference; lastKnownFileType = sourcecode.swift; path = AudioCollection.swift; sourceTree = "<group>"; };
		B9DAA8A6229410180037EAD2 /* circus_celebration_sound.mp3 */ = {isa = PBXFileReference; lastKnownFileType = audio.mp3; name = circus_celebration_sound.mp3; path = Asset/circus_celebration_sound.mp3; sourceTree = SOURCE_ROOT; };
		B9DAA8A7229410180037EAD2 /* chimp_roll_button_sound.mp3 */ = {isa = PBXFileReference; lastKnownFileType = audio.mp3; name = chimp_roll_button_sound.mp3; path = Asset/chimp_roll_button_sound.mp3; sourceTree = SOURCE_ROOT; };
		B9DAA8A8229410180037EAD2 /* chimp_celebration_sound.mp3 */ = {isa = PBXFileReference; lastKnownFileType = audio.mp3; name = chimp_celebration_sound.mp3; path = Asset/chimp_celebration_sound.mp3; sourceTree = SOURCE_ROOT; };
		B9DAA8A9229410190037EAD2 /* chimp_stay_sound.mp3 */ = {isa = PBXFileReference; lastKnownFileType = audio.mp3; name = chimp_stay_sound.mp3; path = Asset/chimp_stay_sound.mp3; sourceTree = SOURCE_ROOT; };
		B9DAA8AA229410190037EAD2 /* chimp_acrobat_sound.mp3 */ = {isa = PBXFileReference; lastKnownFileType = audio.mp3; name = chimp_acrobat_sound.mp3; path = Asset/chimp_acrobat_sound.mp3; sourceTree = SOURCE_ROOT; };
/* End PBXFileReference section */

/* Begin PBXFrameworksBuildPhase section */
		B917CE1A2291B2B3000447BD /* Frameworks */ = {
			isa = PBXFrameworksBuildPhase;
			buildActionMask = 2147483647;
			files = (
			);
			runOnlyForDeploymentPostprocessing = 0;
		};
/* End PBXFrameworksBuildPhase section */

/* Begin PBXGroup section */
		B917CE142291B2B3000447BD = {
			isa = PBXGroup;
			children = (
				B91E665F229321150090F513 /* AudioFile */,
				B95F1335229869C100E4459F /* AudioClass */,
				B95F1336229869DB00E4459F /* Controller */,
				B95F1337229869F000E4459F /* BananaParticle */,
				B917CE1F2291B2B3000447BD /* TestingNC1 */,
				B917CE1E2291B2B3000447BD /* Products */,
			);
			sourceTree = "<group>";
		};
		B917CE1E2291B2B3000447BD /* Products */ = {
			isa = PBXGroup;
			children = (
				B917CE1D2291B2B3000447BD /* TestingNC1.app */,
			);
			name = Products;
			sourceTree = "<group>";
		};
		B917CE1F2291B2B3000447BD /* TestingNC1 */ = {
			isa = PBXGroup;
			children = (
				B917CE202291B2B3000447BD /* AppDelegate.swift */,
				B917CE242291B2B3000447BD /* Main.storyboard */,
				B917CE272291B2B5000447BD /* Assets.xcassets */,
				B917CE292291B2B5000447BD /* LaunchScreen.storyboard */,
				B917CE2C2291B2B5000447BD /* Info.plist */,
			);
			path = TestingNC1;
			sourceTree = "<group>";
		};
		B91E665F229321150090F513 /* AudioFile */ = {
			isa = PBXGroup;
			children = (
				B9DAA8AA229410190037EAD2 /* chimp_acrobat_sound.mp3 */,
				B9DAA8A8229410180037EAD2 /* chimp_celebration_sound.mp3 */,
				B9DAA8A7229410180037EAD2 /* chimp_roll_button_sound.mp3 */,
				B9DAA8A9229410190037EAD2 /* chimp_stay_sound.mp3 */,
				B9DAA8A6229410180037EAD2 /* circus_celebration_sound.mp3 */,
			);
			path = AudioFile;
			sourceTree = "<group>";
		};
		B95F1335229869C100E4459F /* AudioClass */ = {
			isa = PBXGroup;
			children = (
				B982007622955A6000B53D43 /* AudioPlayerModel.swift */,
				B982007822955D8300B53D43 /* AudioCollection.swift */,
			);
			path = AudioClass;
			sourceTree = "<group>";
		};
		B95F1336229869DB00E4459F /* Controller */ = {
			isa = PBXGroup;
			children = (
				B917CE222291B2B3000447BD /* ViewController.swift */,
				B91E665D229314420090F513 /* OpeningController.swift */,
			);
			path = Controller;
			sourceTree = "<group>";
		};
		B95F1337229869F000E4459F /* BananaParticle */ = {
			isa = PBXGroup;
			children = (
				B95F1333229859E600E4459F /* BananaExplode.sks */,
			);
			path = BananaParticle;
			sourceTree = "<group>";
		};
/* End PBXGroup section */

/* Begin PBXNativeTarget section */
		B917CE1C2291B2B3000447BD /* TestingNC1 */ = {
			isa = PBXNativeTarget;
			buildConfigurationList = B917CE2F2291B2B5000447BD /* Build configuration list for PBXNativeTarget "TestingNC1" */;
			buildPhases = (
				B917CE192291B2B3000447BD /* Sources */,
				B917CE1A2291B2B3000447BD /* Frameworks */,
				B917CE1B2291B2B3000447BD /* Resources */,
			);
			buildRules = (
			);
			dependencies = (
			);
			name = TestingNC1;
			productName = TestingNC1;
			productReference = B917CE1D2291B2B3000447BD /* TestingNC1.app */;
			productType = "com.apple.product-type.application";
		};
/* End PBXNativeTarget section */

/* Begin PBXProject section */
		B917CE152291B2B3000447BD /* Project object */ = {
			isa = PBXProject;
			attributes = {
				LastSwiftUpdateCheck = 1020;
				LastUpgradeCheck = 1020;
				ORGANIZATIONNAME = "George Joseph Kristian";
				TargetAttributes = {
					B917CE1C2291B2B3000447BD = {
						CreatedOnToolsVersion = 10.2.1;
					};
				};
			};
			buildConfigurationList = B917CE182291B2B3000447BD /* Build configuration list for PBXProject "TestingNC1" */;
			compatibilityVersion = "Xcode 9.3";
			developmentRegion = en;
			hasScannedForEncodings = 0;
			knownRegions = (
				en,
				Base,
			);
			mainGroup = B917CE142291B2B3000447BD;
			productRefGroup = B917CE1E2291B2B3000447BD /* Products */;
			projectDirPath = "";
			projectRoot = "";
			targets = (
				B917CE1C2291B2B3000447BD /* TestingNC1 */,
			);
		};
/* End PBXProject section */

/* Begin PBXResourcesBuildPhase section */
		B917CE1B2291B2B3000447BD /* Resources */ = {
			isa = PBXResourcesBuildPhase;
			buildActionMask = 2147483647;
			files = (
				B917CE2B2291B2B5000447BD /* LaunchScreen.storyboard in Resources */,
				B9DAA8AF229410190037EAD2 /* chimp_acrobat_sound.mp3 in Resources */,
				B9DAA8AD229410190037EAD2 /* chimp_celebration_sound.mp3 in Resources */,
				B917CE282291B2B5000447BD /* Assets.xcassets in Resources */,
				B9DAA8AE229410190037EAD2 /* chimp_stay_sound.mp3 in Resources */,
				B9DAA8AB229410190037EAD2 /* circus_celebration_sound.mp3 in Resources */,
				B9DAA8AC229410190037EAD2 /* chimp_roll_button_sound.mp3 in Resources */,
				B917CE262291B2B3000447BD /* Main.storyboard in Resources */,
				B95F1334229859E600E4459F /* BananaExplode.sks in Resources */,
			);
			runOnlyForDeploymentPostprocessing = 0;
		};
/* End PBXResourcesBuildPhase section */

/* Begin PBXSourcesBuildPhase section */
		B917CE192291B2B3000447BD /* Sources */ = {
			isa = PBXSourcesBuildPhase;
			buildActionMask = 2147483647;
			files = (
				B917CE232291B2B3000447BD /* ViewController.swift in Sources */,
				B917CE212291B2B3000447BD /* AppDelegate.swift in Sources */,
				B982007922955D8300B53D43 /* AudioCollection.swift in Sources */,
				B982007722955A6000B53D43 /* AudioPlayerModel.swift in Sources */,
				B91E665E229314420090F513 /* OpeningController.swift in Sources */,
			);
			runOnlyForDeploymentPostprocessing = 0;
		};
/* End PBXSourcesBuildPhase section */

/* Begin PBXVariantGroup section */
		B917CE242291B2B3000447BD /* Main.storyboard */ = {
			isa = PBXVariantGroup;
			children = (
				B917CE252291B2B3000447BD /* Base */,
			);
			name = Main.storyboard;
			sourceTree = "<group>";
		};
		B917CE292291B2B5000447BD /* LaunchScreen.storyboard */ = {
			isa = PBXVariantGroup;
			children = (
				B917CE2A2291B2B5000447BD /* Base */,
			);
			name = LaunchScreen.storyboard;
			sourceTree = "<group>";
		};
/* End PBXVariantGroup section */

/* Begin XCBuildConfiguration section */
		B917CE2D2291B2B5000447BD /* Debug */ = {
			isa = XCBuildConfiguration;
			buildSettings = {
				ALWAYS_SEARCH_USER_PATHS = NO;
				CLANG_ANALYZER_NONNULL = YES;
				CLANG_ANALYZER_NUMBER_OBJECT_CONVERSION = YES_AGGRESSIVE;
				CLANG_CXX_LANGUAGE_STANDARD = "gnu++14";
				CLANG_CXX_LIBRARY = "libc++";
				CLANG_ENABLE_MODULES = YES;
				CLANG_ENABLE_OBJC_ARC = YES;
				CLANG_ENABLE_OBJC_WEAK = YES;
				CLANG_WARN_BLOCK_CAPTURE_AUTORELEASING = YES;
				CLANG_WARN_BOOL_CONVERSION = YES;
				CLANG_WARN_COMMA = YES;
				CLANG_WARN_CONSTANT_CONVERSION = YES;
				CLANG_WARN_DEPRECATED_OBJC_IMPLEMENTATIONS = YES;
				CLANG_WARN_DIRECT_OBJC_ISA_USAGE = YES_ERROR;
				CLANG_WARN_DOCUMENTATION_COMMENTS = YES;
				CLANG_WARN_EMPTY_BODY = YES;
				CLANG_WARN_ENUM_CONVERSION = YES;
				CLANG_WARN_INFINITE_RECURSION = YES;
				CLANG_WARN_INT_CONVERSION = YES;
				CLANG_WARN_NON_LITERAL_NULL_CONVERSION = YES;
				CLANG_WARN_OBJC_IMPLICIT_RETAIN_SELF = YES;
				CLANG_WARN_OBJC_LITERAL_CONVERSION = YES;
				CLANG_WARN_OBJC_ROOT_CLASS = YES_ERROR;
				CLANG_WARN_RANGE_LOOP_ANALYSIS = YES;
				CLANG_WARN_STRICT_PROTOTYPES = YES;
				CLANG_WARN_SUSPICIOUS_MOVE = YES;
				CLANG_WARN_UNGUARDED_AVAILABILITY = YES_AGGRESSIVE;
				CLANG_WARN_UNREACHABLE_CODE = YES;
				CLANG_WARN__DUPLICATE_METHOD_MATCH = YES;
				CODE_SIGN_IDENTITY = "iPhone Developer";
				COPY_PHASE_STRIP = NO;
				DEBUG_INFORMATION_FORMAT = dwarf;
				ENABLE_STRICT_OBJC_MSGSEND = YES;
				ENABLE_TESTABILITY = YES;
				GCC_C_LANGUAGE_STANDARD = gnu11;
				GCC_DYNAMIC_NO_PIC = NO;
				GCC_NO_COMMON_BLOCKS = YES;
				GCC_OPTIMIZATION_LEVEL = 0;
				GCC_PREPROCESSOR_DEFINITIONS = (
					"DEBUG=1",
					"$(inherited)",
				);
				GCC_WARN_64_TO_32_BIT_CONVERSION = YES;
				GCC_WARN_ABOUT_RETURN_TYPE = YES_ERROR;
				GCC_WARN_UNDECLARED_SELECTOR = YES;
				GCC_WARN_UNINITIALIZED_AUTOS = YES_AGGRESSIVE;
				GCC_WARN_UNUSED_FUNCTION = YES;
				GCC_WARN_UNUSED_VARIABLE = YES;
				IPHONEOS_DEPLOYMENT_TARGET = 12.2;
				MTL_ENABLE_DEBUG_INFO = INCLUDE_SOURCE;
				MTL_FAST_MATH = YES;
				ONLY_ACTIVE_ARCH = YES;
				SDKROOT = iphoneos;
				SWIFT_ACTIVE_COMPILATION_CONDITIONS = DEBUG;
				SWIFT_OPTIMIZATION_LEVEL = "-Onone";
			};
			name = Debug;
		};
		B917CE2E2291B2B5000447BD /* Release */ = {
			isa = XCBuildConfiguration;
			buildSettings = {
				ALWAYS_SEARCH_USER_PATHS = NO;
				CLANG_ANALYZER_NONNULL = YES;
				CLANG_ANALYZER_NUMBER_OBJECT_CONVERSION = YES_AGGRESSIVE;
				CLANG_CXX_LANGUAGE_STANDARD = "gnu++14";
				CLANG_CXX_LIBRARY = "libc++";
				CLANG_ENABLE_MODULES = YES;
				CLANG_ENABLE_OBJC_ARC = YES;
				CLANG_ENABLE_OBJC_WEAK = YES;
				CLANG_WARN_BLOCK_CAPTURE_AUTORELEASING = YES;
				CLANG_WARN_BOOL_CONVERSION = YES;
				CLANG_WARN_COMMA = YES;
				CLANG_WARN_CONSTANT_CONVERSION = YES;
				CLANG_WARN_DEPRECATED_OBJC_IMPLEMENTATIONS = YES;
				CLANG_WARN_DIRECT_OBJC_ISA_USAGE = YES_ERROR;
				CLANG_WARN_DOCUMENTATION_COMMENTS = YES;
				CLANG_WARN_EMPTY_BODY = YES;
				CLANG_WARN_ENUM_CONVERSION = YES;
				CLANG_WARN_INFINITE_RECURSION = YES;
				CLANG_WARN_INT_CONVERSION = YES;
				CLANG_WARN_NON_LITERAL_NULL_CONVERSION = YES;
				CLANG_WARN_OBJC_IMPLICIT_RETAIN_SELF = YES;
				CLANG_WARN_OBJC_LITERAL_CONVERSION = YES;
				CLANG_WARN_OBJC_ROOT_CLASS = YES_ERROR;
				CLANG_WARN_RANGE_LOOP_ANALYSIS = YES;
				CLANG_WARN_STRICT_PROTOTYPES = YES;
				CLANG_WARN_SUSPICIOUS_MOVE = YES;
				CLANG_WARN_UNGUARDED_AVAILABILITY = YES_AGGRESSIVE;
				CLANG_WARN_UNREACHABLE_CODE = YES;
				CLANG_WARN__DUPLICATE_METHOD_MATCH = YES;
				CODE_SIGN_IDENTITY = "iPhone Developer";
				COPY_PHASE_STRIP = NO;
				DEBUG_INFORMATION_FORMAT = "dwarf-with-dsym";
				ENABLE_NS_ASSERTIONS = NO;
				ENABLE_STRICT_OBJC_MSGSEND = YES;
				GCC_C_LANGUAGE_STANDARD = gnu11;
				GCC_NO_COMMON_BLOCKS = YES;
				GCC_WARN_64_TO_32_BIT_CONVERSION = YES;
				GCC_WARN_ABOUT_RETURN_TYPE = YES_ERROR;
				GCC_WARN_UNDECLARED_SELECTOR = YES;
				GCC_WARN_UNINITIALIZED_AUTOS = YES_AGGRESSIVE;
				GCC_WARN_UNUSED_FUNCTION = YES;
				GCC_WARN_UNUSED_VARIABLE = YES;
				IPHONEOS_DEPLOYMENT_TARGET = 12.2;
				MTL_ENABLE_DEBUG_INFO = NO;
				MTL_FAST_MATH = YES;
				SDKROOT = iphoneos;
				SWIFT_COMPILATION_MODE = wholemodule;
				SWIFT_OPTIMIZATION_LEVEL = "-O";
				VALIDATE_PRODUCT = YES;
			};
			name = Release;
		};
		B917CE302291B2B5000447BD /* Debug */ = {
			isa = XCBuildConfiguration;
			buildSettings = {
				ASSETCATALOG_COMPILER_APPICON_NAME = AppIcon;
				CODE_SIGN_STYLE = Automatic;
				DEVELOPMENT_TEAM = A59P6GV5MM;
				INFOPLIST_FILE = TestingNC1/Info.plist;
				LD_RUNPATH_SEARCH_PATHS = (
					"$(inherited)",
					"@executable_path/Frameworks",
				);
				PRODUCT_BUNDLE_IDENTIFIER = com.jorjyeah.chimproll;
				PRODUCT_NAME = "$(TARGET_NAME)";
				SWIFT_VERSION = 5.0;
				TARGETED_DEVICE_FAMILY = "1,2";
			};
			name = Debug;
		};
		B917CE312291B2B5000447BD /* Release */ = {
			isa = XCBuildConfiguration;
			buildSettings = {
				ASSETCATALOG_COMPILER_APPICON_NAME = AppIcon;
				CODE_SIGN_STYLE = Automatic;
				DEVELOPMENT_TEAM = A59P6GV5MM;
				INFOPLIST_FILE = TestingNC1/Info.plist;
				LD_RUNPATH_SEARCH_PATHS = (
					"$(inherited)",
					"@executable_path/Frameworks",
				);
				PRODUCT_BUNDLE_IDENTIFIER = com.jorjyeah.chimproll;
				PRODUCT_NAME = "$(TARGET_NAME)";
				SWIFT_VERSION = 5.0;
				TARGETED_DEVICE_FAMILY = "1,2";
			};
			name = Release;
		};
/* End XCBuildConfiguration section */

/* Begin XCConfigurationList section */
		B917CE182291B2B3000447BD /* Build configuration list for PBXProject "TestingNC1" */ = {
			isa = XCConfigurationList;
			buildConfigurations = (
				B917CE2D2291B2B5000447BD /* Debug */,
				B917CE2E2291B2B5000447BD /* Release */,
			);
			defaultConfigurationIsVisible = 0;
			defaultConfigurationName = Release;
		};
		B917CE2F2291B2B5000447BD /* Build configuration list for PBXNativeTarget "TestingNC1" */ = {
			isa = XCConfigurationList;
			buildConfigurations = (
				B917CE302291B2B5000447BD /* Debug */,
				B917CE312291B2B5000447BD /* Release */,
			);
			defaultConfigurationIsVisible = 0;
			defaultConfigurationName = Release;
		};
/* End XCConfigurationList section */
	};
	rootObject = B917CE152291B2B3000447BD /* Project object */;
}
